
Microsoft Visual Studio Solution File, Format Version 12.00
# Visual Studio Version 16
VisualStudioVersion = 16.0.32126.315
MinimumVisualStudioVersion = 10.0.40219.1
Project("{9A19103F-16F7-4668-BE54-9A1E7A4F7556}") = "InterestCalculator", "PayCore-H1\InterestCalculator.csproj", "{9425176F-A048-4AB0-993D-5CD812D3B973}"
EndProject
Global
	GlobalSection(SolutionConfigurationPlatforms) = preSolution
		Debug|Any CPU = Debug|Any CPU
		Release|Any CPU = Release|Any CPU
	EndGlobalSection
	GlobalSection(ProjectConfigurationPlatforms) = postSolution
		{9425176F-A048-4AB0-993D-5CD812D3B973}.Debug|Any CPU.ActiveCfg = Debug|Any CPU
		{9425176F-A048-4AB0-993D-5CD812D3B973}.Debug|Any CPU.Build.0 = Debug|Any CPU
		{9425176F-A048-4AB0-993D-5CD812D3B973}.Release|Any CPU.ActiveCfg = Release|Any CPU
		{9425176F-A048-4AB0-993D-5CD812D3B973}.Release|Any CPU.Build.0 = Release|Any CPU
	EndGlobalSection
	GlobalSection(SolutionProperties) = preSolution
		HideSolutionNode = FALSE
	EndGlobalSection
	GlobalSection(ExtensibilityGlobals) = postSolution
		SolutionGuid = {D8C2709F-1103-461F-AAC7-3070510F96F1}
	EndGlobalSection
EndGlobal
